
Microsoft Visual Studio Solution File, Format Version 12.00
# Visual Studio Version 17
VisualStudioVersion = 17.0.31903.59
MinimumVisualStudioVersion = 10.0.40219.1
Project("{2150E333-8FDC-42A3-9474-1A3956D46DE8}") = "src", "src", "{827E0CD3-B72D-47B6-A68D-7590B98EB39B}"
EndProject
Project("{FAE04EC0-301F-11D3-BF4B-00C04F79EFBC}") = "Dramaturge.Browsers", "src\Dramaturge.Browsers\Dramaturge.Browsers.csproj", "{B96B5B3F-4E16-47BA-85CF-7E18B984CB4C}"
EndProject
Project("{FAE04EC0-301F-11D3-BF4B-00C04F79EFBC}") = "Dramaturge.Tool", "src\Dramaturge.Tool\Dramaturge.Tool.csproj", "{38788543-9905-4C74-BCBB-E2D40AB2B78F}"
EndProject
Project("{2150E333-8FDC-42A3-9474-1A3956D46DE8}") = "test", "test", "{0C88DD14-F956-CE84-757C-A364CCF449FC}"
EndProject
Project("{FAE04EC0-301F-11D3-BF4B-00C04F79EFBC}") = "Dramaturge.Browsers.Compatibility.Tests", "test\Dramaturge.Browsers.Compatibility.Tests\Dramaturge.Browsers.Compatibility.Tests.csproj", "{D383E8B9-E135-461F-AC66-7E299C418C68}"
EndProject
Project("{FAE04EC0-301F-11D3-BF4B-00C04F79EFBC}") = "Dramaturge.FakeBrowser", "test\Dramaturge.FakeBrowser\Dramaturge.FakeBrowser.csproj", "{A06238EF-C8FD-44F4-801E-E49FE17C9099}"
EndProject
Project("{FAE04EC0-301F-11D3-BF4B-00C04F79EFBC}") = "Dramaturge.Browsers.NetFramework.Tests", "test\Dramaturge.Browsers.NetFramework.Tests\Dramaturge.Browsers.NetFramework.Tests.csproj", "{05BEA0BC-526A-4460-A147-FA37D47CE0BA}"
EndProject
Project("{FAE04EC0-301F-11D3-BF4B-00C04F79EFBC}") = "Dramaturge.Browsers.NetStandardTestApplication", "test\Dramaturge.Browsers.NetStandardTestApplication\Dramaturge.Browsers.NetStandardTestApplication.csproj", "{73F4715D-B0BC-4CF1-9EF4-270453F2ABAC}"
EndProject
Project("{FAE04EC0-301F-11D3-BF4B-00C04F79EFBC}") = "Dramaturge.Browsers.Tests", "test\Dramaturge.Browsers.Tests\Dramaturge.Browsers.Tests.csproj", "{F9A37121-62F2-4946-8DC6-C420715C7973}"
EndProject
Project("{FAE04EC0-301F-11D3-BF4B-00C04F79EFBC}") = "Dramaturge.Tool.Tests", "test\Dramaturge.Tool.Tests\Dramaturge.Tool.Tests.csproj", "{F29F9029-BE81-49E4-B697-B229C7B22AD6}"
EndProject
Project("{FAE04EC0-301F-11D3-BF4B-00C04F79EFBC}") = "Dramaturge", "src\Dramaturge\Dramaturge.csproj", "{36FC3D60-5916-4BFD-9199-D35E1AF06C0E}"
EndProject
Project("{FAE04EC0-301F-11D3-BF4B-00C04F79EFBC}") = "Dramaturge.Tests", "test\Dramaturge.Tests\Dramaturge.Tests.csproj", "{53867C31-A361-4018-BA60-0B88DA37E762}"
EndProject
Project("{FAE04EC0-301F-11D3-BF4B-00C04F79EFBC}") = "Dramaturge.IntegrationTests", "test\Dramaturge.IntegrationTests\Dramaturge.IntegrationTests.csproj", "{7D717197-A372-4811-87F2-E634EED1621E}"
EndProject
Project("{2150E333-8FDC-42A3-9474-1A3956D46DE8}") = "docs", "docs", "{208BA388-4CEE-2CBF-559C-5607C099C1F8}"
EndProject
Project("{FAE04EC0-301F-11D3-BF4B-00C04F79EFBC}") = "Dramaturge.DocSnippets", "docs\code\Dramaturge.DocSnippets.csproj", "{1882F677-3F2B-42E8-8101-8B8F1903003E}"
EndProject
Project("{FAE04EC0-301F-11D3-BF4B-00C04F79EFBC}") = "Dramaturge.AotTestApplication", "test\Dramaturge.AotTestApplication\Dramaturge.AotTestApplication.csproj", "{7806FD60-7A73-4851-94EA-F5672B3E3D5C}"
EndProject
Project("{2150E333-8FDC-42A3-9474-1A3956D46DE8}") = "samples", "samples", "{5D20AA90-6969-D8BD-9DCD-8634F4692FDA}"
EndProject
Project("{FAE04EC0-301F-11D3-BF4B-00C04F79EFBC}") = "Dramaturge.Examples", "samples\Dramaturge.Examples\Dramaturge.Examples.csproj", "{988D6EAA-D6B3-4EB2-8C93-D14146CF4A34}"
EndProject
Project("{FAE04EC0-301F-11D3-BF4B-00C04F79EFBC}") = "Dramaturge.Xunit", "src\Dramaturge.Xunit\Dramaturge.Xunit.csproj", "{3732F39A-F9C2-48A5-AB4C-AD7C102E48AC}"
EndProject
Project("{FAE04EC0-301F-11D3-BF4B-00C04F79EFBC}") = "Dramaturge.NUnit", "src\Dramaturge.NUnit\Dramaturge.NUnit.csproj", "{97F2355A-A635-4984-9213-1F1BE7BB2C6C}"
EndProject
Project("{FAE04EC0-301F-11D3-BF4B-00C04F79EFBC}") = "Dramaturge.MSTest", "src\Dramaturge.MSTest\Dramaturge.MSTest.csproj", "{8EC668D7-435C-4FBF-AC07-125EEC7E54D9}"
EndProject
Project("{FAE04EC0-301F-11D3-BF4B-00C04F79EFBC}") = "Dramaturge.TUnit", "src\Dramaturge.TUnit\Dramaturge.TUnit.csproj", "{D1D68B87-A3C8-481A-A62D-748E1B8354E6}"
EndProject
Project("{FAE04EC0-301F-11D3-BF4B-00C04F79EFBC}") = "Dramaturge.Xunit.Tests", "test\Dramaturge.Xunit.Tests\Dramaturge.Xunit.Tests.csproj", "{CE960B69-3D1D-44B5-B2D6-C0B9613856FC}"
EndProject
Project("{FAE04EC0-301F-11D3-BF4B-00C04F79EFBC}") = "Dramaturge.NUnit.Tests", "test\Dramaturge.NUnit.Tests\Dramaturge.NUnit.Tests.csproj", "{515A895F-8415-4E1D-B457-DCF317E4DE23}"
EndProject
Project("{FAE04EC0-301F-11D3-BF4B-00C04F79EFBC}") = "Dramaturge.MSTest.Tests", "test\Dramaturge.MSTest.Tests\Dramaturge.MSTest.Tests.csproj", "{4E144C7E-19AB-43DE-9A22-05F4F9C1A284}"
EndProject
Project("{FAE04EC0-301F-11D3-BF4B-00C04F79EFBC}") = "Dramaturge.TUnit.Tests", "test\Dramaturge.TUnit.Tests\Dramaturge.TUnit.Tests.csproj", "{31825433-7EE7-4117-9C7B-D3DC34F45763}"
EndProject
Project("{FAE04EC0-301F-11D3-BF4B-00C04F79EFBC}") = "Dramaturge.TestFrameworks.Unregistered.Tests", "test\Dramaturge.TestFrameworks.Unregistered.Tests\Dramaturge.TestFrameworks.Unregistered.Tests.csproj", "{FC639823-8DCD-47D2-8AB9-A11425E6C4FB}"
EndProject
Global
	GlobalSection(SolutionConfigurationPlatforms) = preSolution
		Debug|Any CPU = Debug|Any CPU
		Debug|x64 = Debug|x64
		Debug|x86 = Debug|x86
		Release|Any CPU = Release|Any CPU
		Release|x64 = Release|x64
		Release|x86 = Release|x86
	EndGlobalSection
	GlobalSection(ProjectConfigurationPlatforms) = postSolution
		{B96B5B3F-4E16-47BA-85CF-7E18B984CB4C}.Debug|Any CPU.ActiveCfg = Debug|Any CPU
		{B96B5B3F-4E16-47BA-85CF-7E18B984CB4C}.Debug|Any CPU.Build.0 = Debug|Any CPU
		{B96B5B3F-4E16-47BA-85CF-7E18B984CB4C}.Debug|x64.ActiveCfg = Debug|Any CPU
		{B96B5B3F-4E16-47BA-85CF-7E18B984CB4C}.Debug|x64.Build.0 = Debug|Any CPU
		{B96B5B3F-4E16-47BA-85CF-7E18B984CB4C}.Debug|x86.ActiveCfg = Debug|Any CPU
		{B96B5B3F-4E16-47BA-85CF-7E18B984CB4C}.Debug|x86.Build.0 = Debug|Any CPU
		{B96B5B3F-4E16-47BA-85CF-7E18B984CB4C}.Release|Any CPU.ActiveCfg = Release|Any CPU
		{B96B5B3F-4E16-47BA-85CF-7E18B984CB4C}.Release|Any CPU.Build.0 = Release|Any CPU
		{B96B5B3F-4E16-47BA-85CF-7E18B984CB4C}.Release|x64.ActiveCfg = Release|Any CPU
		{B96B5B3F-4E16-47BA-85CF-7E18B984CB4C}.Release|x64.Build.0 = Release|Any CPU
		{B96B5B3F-4E16-47BA-85CF-7E18B984CB4C}.Release|x86.ActiveCfg = Release|Any CPU
		{B96B5B3F-4E16-47BA-85CF-7E18B984CB4C}.Release|x86.Build.0 = Release|Any CPU
		{38788543-9905-4C74-BCBB-E2D40AB2B78F}.Debug|Any CPU.ActiveCfg = Debug|Any CPU
		{38788543-9905-4C74-BCBB-E2D40AB2B78F}.Debug|Any CPU.Build.0 = Debug|Any CPU
		{38788543-9905-4C74-BCBB-E2D40AB2B78F}.Debug|x64.ActiveCfg = Debug|Any CPU
		{38788543-9905-4C74-BCBB-E2D40AB2B78F}.Debug|x64.Build.0 = Debug|Any CPU
		{38788543-9905-4C74-BCBB-E2D40AB2B78F}.Debug|x86.ActiveCfg = Debug|Any CPU
		{38788543-9905-4C74-BCBB-E2D40AB2B78F}.Debug|x86.Build.0 = Debug|Any CPU
		{38788543-9905-4C74-BCBB-E2D40AB2B78F}.Release|Any CPU.ActiveCfg = Release|Any CPU
		{38788543-9905-4C74-BCBB-E2D40AB2B78F}.Release|Any CPU.Build.0 = Release|Any CPU
		{38788543-9905-4C74-BCBB-E2D40AB2B78F}.Release|x64.ActiveCfg = Release|Any CPU
		{38788543-9905-4C74-BCBB-E2D40AB2B78F}.Release|x64.Build.0 = Release|Any CPU
		{38788543-9905-4C74-BCBB-E2D40AB2B78F}.Release|x86.ActiveCfg = Release|Any CPU
		{38788543-9905-4C74-BCBB-E2D40AB2B78F}.Release|x86.Build.0 = Release|Any CPU
		{D383E8B9-E135-461F-AC66-7E299C418C68}.Debug|Any CPU.ActiveCfg = Debug|Any CPU
		{D383E8B9-E135-461F-AC66-7E299C418C68}.Debug|Any CPU.Build.0 = Debug|Any CPU
		{D383E8B9-E135-461F-AC66-7E299C418C68}.Debug|x64.ActiveCfg = Debug|Any CPU
		{D383E8B9-E135-461F-AC66-7E299C418C68}.Debug|x64.Build.0 = Debug|Any CPU
		{D383E8B9-E135-461F-AC66-7E299C418C68}.Debug|x86.ActiveCfg = Debug|Any CPU
		{D383E8B9-E135-461F-AC66-7E299C418C68}.Debug|x86.Build.0 = Debug|Any CPU
		{D383E8B9-E135-461F-AC66-7E299C418C68}.Release|Any CPU.ActiveCfg = Release|Any CPU
		{D383E8B9-E135-461F-AC66-7E299C418C68}.Release|Any CPU.Build.0 = Release|Any CPU
		{D383E8B9-E135-461F-AC66-7E299C418C68}.Release|x64.ActiveCfg = Release|Any CPU
		{D383E8B9-E135-461F-AC66-7E299C418C68}.Release|x64.Build.0 = Release|Any CPU
		{D383E8B9-E135-461F-AC66-7E299C418C68}.Release|x86.ActiveCfg = Release|Any CPU
		{D383E8B9-E135-461F-AC66-7E299C418C68}.Release|x86.Build.0 = Release|Any CPU
		{A06238EF-C8FD-44F4-801E-E49FE17C9099}.Debug|Any CPU.ActiveCfg = Debug|Any CPU
		{A06238EF-C8FD-44F4-801E-E49FE17C9099}.Debug|Any CPU.Build.0 = Debug|Any CPU
		{A06238EF-C8FD-44F4-801E-E49FE17C9099}.Debug|x64.ActiveCfg = Debug|Any CPU
		{A06238EF-C8FD-44F4-801E-E49FE17C9099}.Debug|x64.Build.0 = Debug|Any CPU
		{A06238EF-C8FD-44F4-801E-E49FE17C9099}.Debug|x86.ActiveCfg = Debug|Any CPU
		{A06238EF-C8FD-44F4-801E-E49FE17C9099}.Debug|x86.Build.0 = Debug|Any CPU
		{A06238EF-C8FD-44F4-801E-E49FE17C9099}.Release|Any CPU.ActiveCfg = Release|Any CPU
		{A06238EF-C8FD-44F4-801E-E49FE17C9099}.Release|Any CPU.Build.0 = Release|Any CPU
		{A06238EF-C8FD-44F4-801E-E49FE17C9099}.Release|x64.ActiveCfg = Release|Any CPU
		{A06238EF-C8FD-44F4-801E-E49FE17C9099}.Release|x64.Build.0 = Release|Any CPU
		{A06238EF-C8FD-44F4-801E-E49FE17C9099}.Release|x86.ActiveCfg = Release|Any CPU
		{A06238EF-C8FD-44F4-801E-E49FE17C9099}.Release|x86.Build.0 = Release|Any CPU
		{05BEA0BC-526A-4460-A147-FA37D47CE0BA}.Debug|Any CPU.ActiveCfg = Debug|Any CPU
		{05BEA0BC-526A-4460-A147-FA37D47CE0BA}.Debug|Any CPU.Build.0 = Debug|Any CPU
		{05BEA0BC-526A-4460-A147-FA37D47CE0BA}.Debug|x64.ActiveCfg = Debug|Any CPU
		{05BEA0BC-526A-4460-A147-FA37D47CE0BA}.Debug|x64.Build.0 = Debug|Any CPU
		{05BEA0BC-526A-4460-A147-FA37D47CE0BA}.Debug|x86.ActiveCfg = Debug|Any CPU
		{05BEA0BC-526A-4460-A147-FA37D47CE0BA}.Debug|x86.Build.0 = Debug|Any CPU
		{05BEA0BC-526A-4460-A147-FA37D47CE0BA}.Release|Any CPU.ActiveCfg = Release|Any CPU
		{05BEA0BC-526A-4460-A147-FA37D47CE0BA}.Release|Any CPU.Build.0 = Release|Any CPU
		{05BEA0BC-526A-4460-A147-FA37D47CE0BA}.Release|x64.ActiveCfg = Release|Any CPU
		{05BEA0BC-526A-4460-A147-FA37D47CE0BA}.Release|x64.Build.0 = Release|Any CPU
		{05BEA0BC-526A-4460-A147-FA37D47CE0BA}.Release|x86.ActiveCfg = Release|Any CPU
		{05BEA0BC-526A-4460-A147-FA37D47CE0BA}.Release|x86.Build.0 = Release|Any CPU
		{73F4715D-B0BC-4CF1-9EF4-270453F2ABAC}.Debug|Any CPU.ActiveCfg = Debug|Any CPU
		{73F4715D-B0BC-4CF1-9EF4-270453F2ABAC}.Debug|Any CPU.Build.0 = Debug|Any CPU
		{73F4715D-B0BC-4CF1-9EF4-270453F2ABAC}.Debug|x64.ActiveCfg = Debug|Any CPU
		{73F4715D-B0BC-4CF1-9EF4-270453F2ABAC}.Debug|x64.Build.0 = Debug|Any CPU
		{73F4715D-B0BC-4CF1-9EF4-270453F2ABAC}.Debug|x86.ActiveCfg = Debug|Any CPU
		{73F4715D-B0BC-4CF1-9EF4-270453F2ABAC}.Debug|x86.Build.0 = Debug|Any CPU
		{73F4715D-B0BC-4CF1-9EF4-270453F2ABAC}.Release|Any CPU.ActiveCfg = Release|Any CPU
		{73F4715D-B0BC-4CF1-9EF4-270453F2ABAC}.Release|Any CPU.Build.0 = Release|Any CPU
		{73F4715D-B0BC-4CF1-9EF4-270453F2ABAC}.Release|x64.ActiveCfg = Release|Any CPU
		{73F4715D-B0BC-4CF1-9EF4-270453F2ABAC}.Release|x64.Build.0 = Release|Any CPU
		{73F4715D-B0BC-4CF1-9EF4-270453F2ABAC}.Release|x86.ActiveCfg = Release|Any CPU
		{73F4715D-B0BC-4CF1-9EF4-270453F2ABAC}.Release|x86.Build.0 = Release|Any CPU
		{F9A37121-62F2-4946-8DC6-C420715C7973}.Debug|Any CPU.ActiveCfg = Debug|Any CPU
		{F9A37121-62F2-4946-8DC6-C420715C7973}.Debug|Any CPU.Build.0 = Debug|Any CPU
		{F9A37121-62F2-4946-8DC6-C420715C7973}.Debug|x64.ActiveCfg = Debug|Any CPU
		{F9A37121-62F2-4946-8DC6-C420715C7973}.Debug|x64.Build.0 = Debug|Any CPU
		{F9A37121-62F2-4946-8DC6-C420715C7973}.Debug|x86.ActiveCfg = Debug|Any CPU
		{F9A37121-62F2-4946-8DC6-C420715C7973}.Debug|x86.Build.0 = Debug|Any CPU
		{F9A37121-62F2-4946-8DC6-C420715C7973}.Release|Any CPU.ActiveCfg = Release|Any CPU
		{F9A37121-62F2-4946-8DC6-C420715C7973}.Release|Any CPU.Build.0 = Release|Any CPU
		{F9A37121-62F2-4946-8DC6-C420715C7973}.Release|x64.ActiveCfg = Release|Any CPU
		{F9A37121-62F2-4946-8DC6-C420715C7973}.Release|x64.Build.0 = Release|Any CPU
		{F9A37121-62F2-4946-8DC6-C420715C7973}.Release|x86.ActiveCfg = Release|Any CPU
		{F9A37121-62F2-4946-8DC6-C420715C7973}.Release|x86.Build.0 = Release|Any CPU
		{F29F9029-BE81-49E4-B697-B229C7B22AD6}.Debug|Any CPU.ActiveCfg = Debug|Any CPU
		{F29F9029-BE81-49E4-B697-B229C7B22AD6}.Debug|Any CPU.Build.0 = Debug|Any CPU
		{F29F9029-BE81-49E4-B697-B229C7B22AD6}.Debug|x64.ActiveCfg = Debug|Any CPU
		{F29F9029-BE81-49E4-B697-B229C7B22AD6}.Debug|x64.Build.0 = Debug|Any CPU
		{F29F9029-BE81-49E4-B697-B229C7B22AD6}.Debug|x86.ActiveCfg = Debug|Any CPU
		{F29F9029-BE81-49E4-B697-B229C7B22AD6}.Debug|x86.Build.0 = Debug|Any CPU
		{F29F9029-BE81-49E4-B697-B229C7B22AD6}.Release|Any CPU.ActiveCfg = Release|Any CPU
		{F29F9029-BE81-49E4-B697-B229C7B22AD6}.Release|Any CPU.Build.0 = Release|Any CPU
		{F29F9029-BE81-49E4-B697-B229C7B22AD6}.Release|x64.ActiveCfg = Release|Any CPU
		{F29F9029-BE81-49E4-B697-B229C7B22AD6}.Release|x64.Build.0 = Release|Any CPU
		{F29F9029-BE81-49E4-B697-B229C7B22AD6}.Release|x86.ActiveCfg = Release|Any CPU
		{F29F9029-BE81-49E4-B697-B229C7B22AD6}.Release|x86.Build.0 = Release|Any CPU
		{36FC3D60-5916-4BFD-9199-D35E1AF06C0E}.Debug|Any CPU.ActiveCfg = Debug|Any CPU
		{36FC3D60-5916-4BFD-9199-D35E1AF06C0E}.Debug|Any CPU.Build.0 = Debug|Any CPU
		{36FC3D60-5916-4BFD-9199-D35E1AF06C0E}.Debug|x64.ActiveCfg = Debug|Any CPU
		{36FC3D60-5916-4BFD-9199-D35E1AF06C0E}.Debug|x64.Build.0 = Debug|Any CPU
		{36FC3D60-5916-4BFD-9199-D35E1AF06C0E}.Debug|x86.ActiveCfg = Debug|Any CPU
		{36FC3D60-5916-4BFD-9199-D35E1AF06C0E}.Debug|x86.Build.0 = Debug|Any CPU
		{36FC3D60-5916-4BFD-9199-D35E1AF06C0E}.Release|Any CPU.ActiveCfg = Release|Any CPU
		{36FC3D60-5916-4BFD-9199-D35E1AF06C0E}.Release|Any CPU.Build.0 = Release|Any CPU
		{36FC3D60-5916-4BFD-9199-D35E1AF06C0E}.Release|x64.ActiveCfg = Release|Any CPU
		{36FC3D60-5916-4BFD-9199-D35E1AF06C0E}.Release|x64.Build.0 = Release|Any CPU
		{36FC3D60-5916-4BFD-9199-D35E1AF06C0E}.Release|x86.ActiveCfg = Release|Any CPU
		{36FC3D60-5916-4BFD-9199-D35E1AF06C0E}.Release|x86.Build.0 = Release|Any CPU
		{53867C31-A361-4018-BA60-0B88DA37E762}.Debug|Any CPU.ActiveCfg = Debug|Any CPU
		{53867C31-A361-4018-BA60-0B88DA37E762}.Debug|Any CPU.Build.0 = Debug|Any CPU
		{53867C31-A361-4018-BA60-0B88DA37E762}.Debug|x64.ActiveCfg = Debug|Any CPU
		{53867C31-A361-4018-BA60-0B88DA37E762}.Debug|x64.Build.0 = Debug|Any CPU
		{53867C31-A361-4018-BA60-0B88DA37E762}.Debug|x86.ActiveCfg = Debug|Any CPU
		{53867C31-A361-4018-BA60-0B88DA37E762}.Debug|x86.Build.0 = Debug|Any CPU
		{53867C31-A361-4018-BA60-0B88DA37E762}.Release|Any CPU.ActiveCfg = Release|Any CPU
		{53867C31-A361-4018-BA60-0B88DA37E762}.Release|Any CPU.Build.0 = Release|Any CPU
		{53867C31-A361-4018-BA60-0B88DA37E762}.Release|x64.ActiveCfg = Release|Any CPU
		{53867C31-A361-4018-BA60-0B88DA37E762}.Release|x64.Build.0 = Release|Any CPU
		{53867C31-A361-4018-BA60-0B88DA37E762}.Release|x86.ActiveCfg = Release|Any CPU
		{53867C31-A361-4018-BA60-0B88DA37E762}.Release|x86.Build.0 = Release|Any CPU
		{7D717197-A372-4811-87F2-E634EED1621E}.Debug|Any CPU.ActiveCfg = Debug|Any CPU
		{7D717197-A372-4811-87F2-E634EED1621E}.Debug|Any CPU.Build.0 = Debug|Any CPU
		{7D717197-A372-4811-87F2-E634EED1621E}.Debug|x64.ActiveCfg = Debug|Any CPU
		{7D717197-A372-4811-87F2-E634EED1621E}.Debug|x64.Build.0 = Debug|Any CPU
		{7D717197-A372-4811-87F2-E634EED1621E}.Debug|x86.ActiveCfg = Debug|Any CPU
		{7D717197-A372-4811-87F2-E634EED1621E}.Debug|x86.Build.0 = Debug|Any CPU
		{7D717197-A372-4811-87F2-E634EED1621E}.Release|Any CPU.ActiveCfg = Release|Any CPU
		{7D717197-A372-4811-87F2-E634EED1621E}.Release|Any CPU.Build.0 = Release|Any CPU
		{7D717197-A372-4811-87F2-E634EED1621E}.Release|x64.ActiveCfg = Release|Any CPU
		{7D717197-A372-4811-87F2-E634EED1621E}.Release|x64.Build.0 = Release|Any CPU
		{7D717197-A372-4811-87F2-E634EED1621E}.Release|x86.ActiveCfg = Release|Any CPU
		{7D717197-A372-4811-87F2-E634EED1621E}.Release|x86.Build.0 = Release|Any CPU
		{1882F677-3F2B-42E8-8101-8B8F1903003E}.Debug|Any CPU.ActiveCfg = Debug|Any CPU
		{1882F677-3F2B-42E8-8101-8B8F1903003E}.Debug|Any CPU.Build.0 = Debug|Any CPU
		{1882F677-3F2B-42E8-8101-8B8F1903003E}.Debug|x64.ActiveCfg = Debug|Any CPU
		{1882F677-3F2B-42E8-8101-8B8F1903003E}.Debug|x64.Build.0 = Debug|Any CPU
		{1882F677-3F2B-42E8-8101-8B8F1903003E}.Debug|x86.ActiveCfg = Debug|Any CPU
		{1882F677-3F2B-42E8-8101-8B8F1903003E}.Debug|x86.Build.0 = Debug|Any CPU
		{1882F677-3F2B-42E8-8101-8B8F1903003E}.Release|Any CPU.ActiveCfg = Release|Any CPU
		{1882F677-3F2B-42E8-8101-8B8F1903003E}.Release|Any CPU.Build.0 = Release|Any CPU
		{1882F677-3F2B-42E8-8101-8B8F1903003E}.Release|x64.ActiveCfg = Release|Any CPU
		{1882F677-3F2B-42E8-8101-8B8F1903003E}.Release|x64.Build.0 = Release|Any CPU
		{1882F677-3F2B-42E8-8101-8B8F1903003E}.Release|x86.ActiveCfg = Release|Any CPU
		{1882F677-3F2B-42E8-8101-8B8F1903003E}.Release|x86.Build.0 = Release|Any CPU
		{7806FD60-7A73-4851-94EA-F5672B3E3D5C}.Debug|Any CPU.ActiveCfg = Debug|Any CPU
		{7806FD60-7A73-4851-94EA-F5672B3E3D5C}.Debug|Any CPU.Build.0 = Debug|Any CPU
		{7806FD60-7A73-4851-94EA-F5672B3E3D5C}.Debug|x64.ActiveCfg = Debug|Any CPU
		{7806FD60-7A73-4851-94EA-F5672B3E3D5C}.Debug|x64.Build.0 = Debug|Any CPU
		{7806FD60-7A73-4851-94EA-F5672B3E3D5C}.Debug|x86.ActiveCfg = Debug|Any CPU
		{7806FD60-7A73-4851-94EA-F5672B3E3D5C}.Debug|x86.Build.0 = Debug|Any CPU
		{7806FD60-7A73-4851-94EA-F5672B3E3D5C}.Release|Any CPU.ActiveCfg = Release|Any CPU
		{7806FD60-7A73-4851-94EA-F5672B3E3D5C}.Release|Any CPU.Build.0 = Release|Any CPU
		{7806FD60-7A73-4851-94EA-F5672B3E3D5C}.Release|x64.ActiveCfg = Release|Any CPU
		{7806FD60-7A73-4851-94EA-F5672B3E3D5C}.Release|x64.Build.0 = Release|Any CPU
		{7806FD60-7A73-4851-94EA-F5672B3E3D5C}.Release|x86.ActiveCfg = Release|Any CPU
		{7806FD60-7A73-4851-94EA-F5672B3E3D5C}.Release|x86.Build.0 = Release|Any CPU
		{988D6EAA-D6B3-4EB2-8C93-D14146CF4A34}.Debug|Any CPU.ActiveCfg = Debug|Any CPU
		{988D6EAA-D6B3-4EB2-8C93-D14146CF4A34}.Debug|Any CPU.Build.0 = Debug|Any CPU
		{988D6EAA-D6B3-4EB2-8C93-D14146CF4A34}.Debug|x64.ActiveCfg = Debug|Any CPU
		{988D6EAA-D6B3-4EB2-8C93-D14146CF4A34}.Debug|x64.Build.0 = Debug|Any CPU
		{988D6EAA-D6B3-4EB2-8C93-D14146CF4A34}.Debug|x86.ActiveCfg = Debug|Any CPU
		{988D6EAA-D6B3-4EB2-8C93-D14146CF4A34}.Debug|x86.Build.0 = Debug|Any CPU
		{988D6EAA-D6B3-4EB2-8C93-D14146CF4A34}.Release|Any CPU.ActiveCfg = Release|Any CPU
		{988D6EAA-D6B3-4EB2-8C93-D14146CF4A34}.Release|Any CPU.Build.0 = Release|Any CPU
		{988D6EAA-D6B3-4EB2-8C93-D14146CF4A34}.Release|x64.ActiveCfg = Release|Any CPU
		{988D6EAA-D6B3-4EB2-8C93-D14146CF4A34}.Release|x64.Build.0 = Release|Any CPU
		{988D6EAA-D6B3-4EB2-8C93-D14146CF4A34}.Release|x86.ActiveCfg = Release|Any CPU
		{988D6EAA-D6B3-4EB2-8C93-D14146CF4A34}.Release|x86.Build.0 = Release|Any CPU
		{3732F39A-F9C2-48A5-AB4C-AD7C102E48AC}.Debug|Any CPU.ActiveCfg = Debug|Any CPU
		{3732F39A-F9C2-48A5-AB4C-AD7C102E48AC}.Debug|Any CPU.Build.0 = Debug|Any CPU
		{3732F39A-F9C2-48A5-AB4C-AD7C102E48AC}.Debug|x64.ActiveCfg = Debug|Any CPU
		{3732F39A-F9C2-48A5-AB4C-AD7C102E48AC}.Debug|x64.Build.0 = Debug|Any CPU
		{3732F39A-F9C2-48A5-AB4C-AD7C102E48AC}.Debug|x86.ActiveCfg = Debug|Any CPU
		{3732F39A-F9C2-48A5-AB4C-AD7C102E48AC}.Debug|x86.Build.0 = Debug|Any CPU
		{3732F39A-F9C2-48A5-AB4C-AD7C102E48AC}.Release|Any CPU.ActiveCfg = Release|Any CPU
		{3732F39A-F9C2-48A5-AB4C-AD7C102E48AC}.Release|Any CPU.Build.0 = Release|Any CPU
		{3732F39A-F9C2-48A5-AB4C-AD7C102E48AC}.Release|x64.ActiveCfg = Release|Any CPU
		{3732F39A-F9C2-48A5-AB4C-AD7C102E48AC}.Release|x64.Build.0 = Release|Any CPU
		{3732F39A-F9C2-48A5-AB4C-AD7C102E48AC}.Release|x86.ActiveCfg = Release|Any CPU
		{3732F39A-F9C2-48A5-AB4C-AD7C102E48AC}.Release|x86.Build.0 = Release|Any CPU
		{97F2355A-A635-4984-9213-1F1BE7BB2C6C}.Debug|Any CPU.ActiveCfg = Debug|Any CPU
		{97F2355A-A635-4984-9213-1F1BE7BB2C6C}.Debug|Any CPU.Build.0 = Debug|Any CPU
		{97F2355A-A635-4984-9213-1F1BE7BB2C6C}.Debug|x64.ActiveCfg = Debug|Any CPU
		{97F2355A-A635-4984-9213-1F1BE7BB2C6C}.Debug|x64.Build.0 = Debug|Any CPU
		{97F2355A-A635-4984-9213-1F1BE7BB2C6C}.Debug|x86.ActiveCfg = Debug|Any CPU
		{97F2355A-A635-4984-9213-1F1BE7BB2C6C}.Debug|x86.Build.0 = Debug|Any CPU
		{97F2355A-A635-4984-9213-1F1BE7BB2C6C}.Release|Any CPU.ActiveCfg = Release|Any CPU
		{97F2355A-A635-4984-9213-1F1BE7BB2C6C}.Release|Any CPU.Build.0 = Release|Any CPU
		{97F2355A-A635-4984-9213-1F1BE7BB2C6C}.Release|x64.ActiveCfg = Release|Any CPU
		{97F2355A-A635-4984-9213-1F1BE7BB2C6C}.Release|x64.Build.0 = Release|Any CPU
		{97F2355A-A635-4984-9213-1F1BE7BB2C6C}.Release|x86.ActiveCfg = Release|Any CPU
		{97F2355A-A635-4984-9213-1F1BE7BB2C6C}.Release|x86.Build.0 = Release|Any CPU
		{8EC668D7-435C-4FBF-AC07-125EEC7E54D9}.Debug|Any CPU.ActiveCfg = Debug|Any CPU
		{8EC668D7-435C-4FBF-AC07-125EEC7E54D9}.Debug|Any CPU.Build.0 = Debug|Any CPU
		{8EC668D7-435C-4FBF-AC07-125EEC7E54D9}.Debug|x64.ActiveCfg = Debug|Any CPU
		{8EC668D7-435C-4FBF-AC07-125EEC7E54D9}.Debug|x64.Build.0 = Debug|Any CPU
		{8EC668D7-435C-4FBF-AC07-125EEC7E54D9}.Debug|x86.ActiveCfg = Debug|Any CPU
		{8EC668D7-435C-4FBF-AC07-125EEC7E54D9}.Debug|x86.Build.0 = Debug|Any CPU
		{8EC668D7-435C-4FBF-AC07-125EEC7E54D9}.Release|Any CPU.ActiveCfg = Release|Any CPU
		{8EC668D7-435C-4FBF-AC07-125EEC7E54D9}.Release|Any CPU.Build.0 = Release|Any CPU
		{8EC668D7-435C-4FBF-AC07-125EEC7E54D9}.Release|x64.ActiveCfg = Release|Any CPU
		{8EC668D7-435C-4FBF-AC07-125EEC7E54D9}.Release|x64.Build.0 = Release|Any CPU
		{8EC668D7-435C-4FBF-AC07-125EEC7E54D9}.Release|x86.ActiveCfg = Release|Any CPU
		{8EC668D7-435C-4FBF-AC07-125EEC7E54D9}.Release|x86.Build.0 = Release|Any CPU
		{D1D68B87-A3C8-481A-A62D-748E1B8354E6}.Debug|Any CPU.ActiveCfg = Debug|Any CPU
		{D1D68B87-A3C8-481A-A62D-748E1B8354E6}.Debug|Any CPU.Build.0 = Debug|Any CPU
		{D1D68B87-A3C8-481A-A62D-748E1B8354E6}.Debug|x64.ActiveCfg = Debug|Any CPU
		{D1D68B87-A3C8-481A-A62D-748E1B8354E6}.Debug|x64.Build.0 = Debug|Any CPU
		{D1D68B87-A3C8-481A-A62D-748E1B8354E6}.Debug|x86.ActiveCfg = Debug|Any CPU
		{D1D68B87-A3C8-481A-A62D-748E1B8354E6}.Debug|x86.Build.0 = Debug|Any CPU
		{D1D68B87-A3C8-481A-A62D-748E1B8354E6}.Release|Any CPU.ActiveCfg = Release|Any CPU
		{D1D68B87-A3C8-481A-A62D-748E1B8354E6}.Release|Any CPU.Build.0 = Release|Any CPU
		{D1D68B87-A3C8-481A-A62D-748E1B8354E6}.Release|x64.ActiveCfg = Release|Any CPU
		{D1D68B87-A3C8-481A-A62D-748E1B8354E6}.Release|x64.Build.0 = Release|Any CPU
		{D1D68B87-A3C8-481A-A62D-748E1B8354E6}.Release|x86.ActiveCfg = Release|Any CPU
		{D1D68B87-A3C8-481A-A62D-748E1B8354E6}.Release|x86.Build.0 = Release|Any CPU
		{CE960B69-3D1D-44B5-B2D6-C0B9613856FC}.Debug|Any CPU.ActiveCfg = Debug|Any CPU
		{CE960B69-3D1D-44B5-B2D6-C0B9613856FC}.Debug|Any CPU.Build.0 = Debug|Any CPU
		{CE960B69-3D1D-44B5-B2D6-C0B9613856FC}.Debug|x64.ActiveCfg = Debug|Any CPU
		{CE960B69-3D1D-44B5-B2D6-C0B9613856FC}.Debug|x64.Build.0 = Debug|Any CPU
		{CE960B69-3D1D-44B5-B2D6-C0B9613856FC}.Debug|x86.ActiveCfg = Debug|Any CPU
		{CE960B69-3D1D-44B5-B2D6-C0B9613856FC}.Debug|x86.Build.0 = Debug|Any CPU
		{CE960B69-3D1D-44B5-B2D6-C0B9613856FC}.Release|Any CPU.ActiveCfg = Release|Any CPU
		{CE960B69-3D1D-44B5-B2D6-C0B9613856FC}.Release|Any CPU.Build.0 = Release|Any CPU
		{CE960B69-3D1D-44B5-B2D6-C0B9613856FC}.Release|x64.ActiveCfg = Release|Any CPU
		{CE960B69-3D1D-44B5-B2D6-C0B9613856FC}.Release|x64.Build.0 = Release|Any CPU
		{CE960B69-3D1D-44B5-B2D6-C0B9613856FC}.Release|x86.ActiveCfg = Release|Any CPU
		{CE960B69-3D1D-44B5-B2D6-C0B9613856FC}.Release|x86.Build.0 = Release|Any CPU
		{515A895F-8415-4E1D-B457-DCF317E4DE23}.Debug|Any CPU.ActiveCfg = Debug|Any CPU
		{515A895F-8415-4E1D-B457-DCF317E4DE23}.Debug|Any CPU.Build.0 = Debug|Any CPU
		{515A895F-8415-4E1D-B457-DCF317E4DE23}.Debug|x64.ActiveCfg = Debug|Any CPU
		{515A895F-8415-4E1D-B457-DCF317E4DE23}.Debug|x64.Build.0 = Debug|Any CPU
		{515A895F-8415-4E1D-B457-DCF317E4DE23}.Debug|x86.ActiveCfg = Debug|Any CPU
		{515A895F-8415-4E1D-B457-DCF317E4DE23}.Debug|x86.Build.0 = Debug|Any CPU
		{515A895F-8415-4E1D-B457-DCF317E4DE23}.Release|Any CPU.ActiveCfg = Release|Any CPU
		{515A895F-8415-4E1D-B457-DCF317E4DE23}.Release|Any CPU.Build.0 = Release|Any CPU
		{515A895F-8415-4E1D-B457-DCF317E4DE23}.Release|x64.ActiveCfg = Release|Any CPU
		{515A895F-8415-4E1D-B457-DCF317E4DE23}.Release|x64.Build.0 = Release|Any CPU
		{515A895F-8415-4E1D-B457-DCF317E4DE23}.Release|x86.ActiveCfg = Release|Any CPU
		{515A895F-8415-4E1D-B457-DCF317E4DE23}.Release|x86.Build.0 = Release|Any CPU
		{4E144C7E-19AB-43DE-9A22-05F4F9C1A284}.Debug|Any CPU.ActiveCfg = Debug|Any CPU
		{4E144C7E-19AB-43DE-9A22-05F4F9C1A284}.Debug|Any CPU.Build.0 = Debug|Any CPU
		{4E144C7E-19AB-43DE-9A22-05F4F9C1A284}.Debug|x64.ActiveCfg = Debug|Any CPU
		{4E144C7E-19AB-43DE-9A22-05F4F9C1A284}.Debug|x64.Build.0 = Debug|Any CPU
		{4E144C7E-19AB-43DE-9A22-05F4F9C1A284}.Debug|x86.ActiveCfg = Debug|Any CPU
		{4E144C7E-19AB-43DE-9A22-05F4F9C1A284}.Debug|x86.Build.0 = Debug|Any CPU
		{4E144C7E-19AB-43DE-9A22-05F4F9C1A284}.Release|Any CPU.ActiveCfg = Release|Any CPU
		{4E144C7E-19AB-43DE-9A22-05F4F9C1A284}.Release|Any CPU.Build.0 = Release|Any CPU
		{4E144C7E-19AB-43DE-9A22-05F4F9C1A284}.Release|x64.ActiveCfg = Release|Any CPU
		{4E144C7E-19AB-43DE-9A22-05F4F9C1A284}.Release|x64.Build.0 = Release|Any CPU
		{4E144C7E-19AB-43DE-9A22-05F4F9C1A284}.Release|x86.ActiveCfg = Release|Any CPU
		{4E144C7E-19AB-43DE-9A22-05F4F9C1A284}.Release|x86.Build.0 = Release|Any CPU
		{31825433-7EE7-4117-9C7B-D3DC34F45763}.Debug|Any CPU.ActiveCfg = Debug|Any CPU
		{31825433-7EE7-4117-9C7B-D3DC34F45763}.Debug|Any CPU.Build.0 = Debug|Any CPU
		{31825433-7EE7-4117-9C7B-D3DC34F45763}.Debug|x64.ActiveCfg = Debug|Any CPU
		{31825433-7EE7-4117-9C7B-D3DC34F45763}.Debug|x64.Build.0 = Debug|Any CPU
		{31825433-7EE7-4117-9C7B-D3DC34F45763}.Debug|x86.ActiveCfg = Debug|Any CPU
		{31825433-7EE7-4117-9C7B-D3DC34F45763}.Debug|x86.Build.0 = Debug|Any CPU
		{31825433-7EE7-4117-9C7B-D3DC34F45763}.Release|Any CPU.ActiveCfg = Release|Any CPU
		{31825433-7EE7-4117-9C7B-D3DC34F45763}.Release|Any CPU.Build.0 = Release|Any CPU
		{31825433-7EE7-4117-9C7B-D3DC34F45763}.Release|x64.ActiveCfg = Release|Any CPU
		{31825433-7EE7-4117-9C7B-D3DC34F45763}.Release|x64.Build.0 = Release|Any CPU
		{31825433-7EE7-4117-9C7B-D3DC34F45763}.Release|x86.ActiveCfg = Release|Any CPU
		{31825433-7EE7-4117-9C7B-D3DC34F45763}.Release|x86.Build.0 = Release|Any CPU
		{FC639823-8DCD-47D2-8AB9-A11425E6C4FB}.Debug|Any CPU.ActiveCfg = Debug|Any CPU
		{FC639823-8DCD-47D2-8AB9-A11425E6C4FB}.Debug|Any CPU.Build.0 = Debug|Any CPU
		{FC639823-8DCD-47D2-8AB9-A11425E6C4FB}.Debug|x64.ActiveCfg = Debug|Any CPU
		{FC639823-8DCD-47D2-8AB9-A11425E6C4FB}.Debug|x64.Build.0 = Debug|Any CPU
		{FC639823-8DCD-47D2-8AB9-A11425E6C4FB}.Debug|x86.ActiveCfg = Debug|Any CPU
		{FC639823-8DCD-47D2-8AB9-A11425E6C4FB}.Debug|x86.Build.0 = Debug|Any CPU
		{FC639823-8DCD-47D2-8AB9-A11425E6C4FB}.Release|Any CPU.ActiveCfg = Release|Any CPU
		{FC639823-8DCD-47D2-8AB9-A11425E6C4FB}.Release|Any CPU.Build.0 = Release|Any CPU
		{FC639823-8DCD-47D2-8AB9-A11425E6C4FB}.Release|x64.ActiveCfg = Release|Any CPU
		{FC639823-8DCD-47D2-8AB9-A11425E6C4FB}.Release|x64.Build.0 = Release|Any CPU
		{FC639823-8DCD-47D2-8AB9-A11425E6C4FB}.Release|x86.ActiveCfg = Release|Any CPU
		{FC639823-8DCD-47D2-8AB9-A11425E6C4FB}.Release|x86.Build.0 = Release|Any CPU
	EndGlobalSection
	GlobalSection(SolutionProperties) = preSolution
		HideSolutionNode = FALSE
	EndGlobalSection
	GlobalSection(NestedProjects) = preSolution
		{B96B5B3F-4E16-47BA-85CF-7E18B984CB4C} = {827E0CD3-B72D-47B6-A68D-7590B98EB39B}
		{38788543-9905-4C74-BCBB-E2D40AB2B78F} = {827E0CD3-B72D-47B6-A68D-7590B98EB39B}
		{D383E8B9-E135-461F-AC66-7E299C418C68} = {0C88DD14-F956-CE84-757C-A364CCF449FC}
		{A06238EF-C8FD-44F4-801E-E49FE17C9099} = {0C88DD14-F956-CE84-757C-A364CCF449FC}
		{05BEA0BC-526A-4460-A147-FA37D47CE0BA} = {0C88DD14-F956-CE84-757C-A364CCF449FC}
		{73F4715D-B0BC-4CF1-9EF4-270453F2ABAC} = {0C88DD14-F956-CE84-757C-A364CCF449FC}
		{F9A37121-62F2-4946-8DC6-C420715C7973} = {0C88DD14-F956-CE84-757C-A364CCF449FC}
		{F29F9029-BE81-49E4-B697-B229C7B22AD6} = {0C88DD14-F956-CE84-757C-A364CCF449FC}
		{36FC3D60-5916-4BFD-9199-D35E1AF06C0E} = {827E0CD3-B72D-47B6-A68D-7590B98EB39B}
		{53867C31-A361-4018-BA60-0B88DA37E762} = {0C88DD14-F956-CE84-757C-A364CCF449FC}
		{7D717197-A372-4811-87F2-E634EED1621E} = {0C88DD14-F956-CE84-757C-A364CCF449FC}
		{1882F677-3F2B-42E8-8101-8B8F1903003E} = {208BA388-4CEE-2CBF-559C-5607C099C1F8}
		{7806FD60-7A73-4851-94EA-F5672B3E3D5C} = {0C88DD14-F956-CE84-757C-A364CCF449FC}
		{988D6EAA-D6B3-4EB2-8C93-D14146CF4A34} = {5D20AA90-6969-D8BD-9DCD-8634F4692FDA}
		{3732F39A-F9C2-48A5-AB4C-AD7C102E48AC} = {827E0CD3-B72D-47B6-A68D-7590B98EB39B}
		{97F2355A-A635-4984-9213-1F1BE7BB2C6C} = {827E0CD3-B72D-47B6-A68D-7590B98EB39B}
		{8EC668D7-435C-4FBF-AC07-125EEC7E54D9} = {827E0CD3-B72D-47B6-A68D-7590B98EB39B}
		{D1D68B87-A3C8-481A-A62D-748E1B8354E6} = {827E0CD3-B72D-47B6-A68D-7590B98EB39B}
		{CE960B69-3D1D-44B5-B2D6-C0B9613856FC} = {0C88DD14-F956-CE84-757C-A364CCF449FC}
		{515A895F-8415-4E1D-B457-DCF317E4DE23} = {0C88DD14-F956-CE84-757C-A364CCF449FC}
		{4E144C7E-19AB-43DE-9A22-05F4F9C1A284} = {0C88DD14-F956-CE84-757C-A364CCF449FC}
		{31825433-7EE7-4117-9C7B-D3DC34F45763} = {0C88DD14-F956-CE84-757C-A364CCF449FC}
		{FC639823-8DCD-47D2-8AB9-A11425E6C4FB} = {0C88DD14-F956-CE84-757C-A364CCF449FC}
	EndGlobalSection
EndGlobal
