
Microsoft Visual Studio Solution File, Format Version 12.00
# Visual Studio Version 17
VisualStudioVersion = 17.0.31903.59
MinimumVisualStudioVersion = 10.0.40219.1
Project("{2150E333-8FDC-42A3-9474-1A3956D46DE8}") = "docs", "docs", "{F1A2B3C4-D5E6-7890-ABCD-EF1234567892}"
EndProject
Project("{FAE04EC0-301F-11D3-BF4B-00C04F79EFBC}") = "WebDriverBiDi.DocSnippets", "docs\code\WebDriverBiDi.DocSnippets.csproj", "{F2A3B4C5-D6E7-8901-BCDE-F12345678903}"
EndProject
Project("{2150E333-8FDC-42A3-9474-1A3956D46DE8}") = "src", "src", "{C56741B5-A53D-4C4A-AE6D-DE2CE0F4BC52}"
EndProject
Project("{FAE04EC0-301F-11D3-BF4B-00C04F79EFBC}") = "WebDriverBiDi", "src\WebDriverBiDi\WebDriverBiDi.csproj", "{A1247131-E4D4-40FB-A762-CA5299E87C36}"
EndProject
Project("{FAE04EC0-301F-11D3-BF4B-00C04F79EFBC}") = "WebDriverBiDi.Client", "src\WebDriverBiDi.Client\WebDriverBiDi.Client.csproj", "{36016580-CF52-47F9-8BCB-F6E3EE73F3FF}"
EndProject
Project("{FAE04EC0-301F-11D3-BF4B-00C04F79EFBC}") = "WebDriverBiDi.Demo", "src\WebDriverBiDi.Demo\WebDriverBiDi.Demo.csproj", "{C6A1AF58-0D42-44E2-B2A8-C2A59D00A20C}"
EndProject
Project("{FAE04EC0-301F-11D3-BF4B-00C04F79EFBC}") = "WebDriverBiDi.DemoWebSite", "src\WebDriverBiDi.DemoWebSite\WebDriverBiDi.DemoWebSite.csproj", "{FE3F7DBC-EF74-4DF2-93D5-753910D51091}"
EndProject
Project("{2150E333-8FDC-42A3-9474-1A3956D46DE8}") = "test", "test", "{731061A2-3861-4672-B5D5-711ADD4F6F47}"
EndProject
Project("{FAE04EC0-301F-11D3-BF4B-00C04F79EFBC}") = "WebDriverBiDi.Tests", "test\WebDriverBiDi.Tests\WebDriverBiDi.Tests.csproj", "{58E37944-7CFD-408C-8E0C-25E8CBBD112E}"
EndProject
Project("{FAE04EC0-301F-11D3-BF4B-00C04F79EFBC}") = "WebDriverBiDi.AotSmokeTest", "test\WebDriverBiDi.AotSmokeTest\WebDriverBiDi.AotSmokeTest.csproj", "{311F21D3-3265-49F7-8CFA-21E5D180EC3D}"
EndProject
Project("{FAE04EC0-301F-11D3-BF4B-00C04F79EFBC}") = "WebDriverBiDi.Analyzers", "src\WebDriverBiDi.Analyzers\WebDriverBiDi.Analyzers.csproj", "{6ADE5BAC-0034-4BA1-9C87-499A39606F4E}"
EndProject
Project("{FAE04EC0-301F-11D3-BF4B-00C04F79EFBC}") = "WebDriverBiDi.Analyzers.CodeFixProviders", "src\WebDriverBiDi.Analyzers.CodeFixProviders\WebDriverBiDi.Analyzers.CodeFixProviders.csproj", "{A1B2C3D4-E5F6-7890-ABCD-EF1234567890}"
EndProject
Project("{FAE04EC0-301F-11D3-BF4B-00C04F79EFBC}") = "WebDriverBiDi.Analyzers.Tests", "test\WebDriverBiDi.Analyzers.Tests\WebDriverBiDi.Analyzers.Tests.csproj", "{D7F64CDA-4ABD-42F1-9CB0-402D5C3455EF}"
EndProject
Project("{FAE04EC0-301F-11D3-BF4B-00C04F79EFBC}") = "WebDriverBiDi.Logging", "src\WebDriverBiDi.Logging\WebDriverBiDi.Logging.csproj", "{E8F53F0E-4C41-49F1-8A79-542CD3C23A97}"
EndProject
Project("{FAE04EC0-301F-11D3-BF4B-00C04F79EFBC}") = "WebDriverBiDi.Logging.Tests", "test\WebDriverBiDi.Logging.Tests\WebDriverBiDi.Logging.Tests.csproj", "{B2C3D4E5-F6A7-8901-BCDE-F12345678901}"
EndProject
Project("{FAE04EC0-301F-11D3-BF4B-00C04F79EFBC}") = "WebDriverBiDi.Integration.Tests", "test\WebDriverBiDi.Integration.Tests\WebDriverBiDi.Integration.Tests.csproj", "{FEFC89A1-A56C-4FDD-804D-AEB6B770EBAD}"
EndProject
Project("{FAE04EC0-301F-11D3-BF4B-00C04F79EFBC}") = "WebDriverBiDi.Benchmarks", "test\WebDriverBiDi.Benchmarks\WebDriverBiDi.Benchmarks.csproj", "{15BB1497-B8D6-4562-9BEE-1FCA94E60411}"
EndProject
Project("{FAE04EC0-301F-11D3-BF4B-00C04F79EFBC}") = "WebDriverBiDi.TestPipeServer", "test\WebDriverBiDi.TestPipeServer\WebDriverBiDi.TestPipeServer.csproj", "{B1F060F5-EF71-48B4-8EEB-3F74F45D148C}"
EndProject
Global
	GlobalSection(SolutionConfigurationPlatforms) = preSolution
		Debug|Any CPU = Debug|Any CPU
		Debug|x64 = Debug|x64
		Debug|x86 = Debug|x86
		Release|Any CPU = Release|Any CPU
		Release|x64 = Release|x64
		Release|x86 = Release|x86
	EndGlobalSection
	GlobalSection(ProjectConfigurationPlatforms) = postSolution
		{F2A3B4C5-D6E7-8901-BCDE-F12345678903}.Debug|Any CPU.ActiveCfg = Debug|Any CPU
		{F2A3B4C5-D6E7-8901-BCDE-F12345678903}.Debug|Any CPU.Build.0 = Debug|Any CPU
		{F2A3B4C5-D6E7-8901-BCDE-F12345678903}.Release|Any CPU.ActiveCfg = Release|Any CPU
		{F2A3B4C5-D6E7-8901-BCDE-F12345678903}.Release|Any CPU.Build.0 = Release|Any CPU
		{A1247131-E4D4-40FB-A762-CA5299E87C36}.Debug|Any CPU.ActiveCfg = Debug|Any CPU
		{A1247131-E4D4-40FB-A762-CA5299E87C36}.Debug|Any CPU.Build.0 = Debug|Any CPU
		{A1247131-E4D4-40FB-A762-CA5299E87C36}.Debug|x64.ActiveCfg = Debug|Any CPU
		{A1247131-E4D4-40FB-A762-CA5299E87C36}.Debug|x64.Build.0 = Debug|Any CPU
		{A1247131-E4D4-40FB-A762-CA5299E87C36}.Debug|x86.ActiveCfg = Debug|Any CPU
		{A1247131-E4D4-40FB-A762-CA5299E87C36}.Debug|x86.Build.0 = Debug|Any CPU
		{A1247131-E4D4-40FB-A762-CA5299E87C36}.Release|Any CPU.ActiveCfg = Release|Any CPU
		{A1247131-E4D4-40FB-A762-CA5299E87C36}.Release|Any CPU.Build.0 = Release|Any CPU
		{A1247131-E4D4-40FB-A762-CA5299E87C36}.Release|x64.ActiveCfg = Release|Any CPU
		{A1247131-E4D4-40FB-A762-CA5299E87C36}.Release|x64.Build.0 = Release|Any CPU
		{A1247131-E4D4-40FB-A762-CA5299E87C36}.Release|x86.ActiveCfg = Release|Any CPU
		{A1247131-E4D4-40FB-A762-CA5299E87C36}.Release|x86.Build.0 = Release|Any CPU
		{36016580-CF52-47F9-8BCB-F6E3EE73F3FF}.Debug|Any CPU.ActiveCfg = Debug|Any CPU
		{36016580-CF52-47F9-8BCB-F6E3EE73F3FF}.Debug|Any CPU.Build.0 = Debug|Any CPU
		{36016580-CF52-47F9-8BCB-F6E3EE73F3FF}.Debug|x64.ActiveCfg = Debug|Any CPU
		{36016580-CF52-47F9-8BCB-F6E3EE73F3FF}.Debug|x64.Build.0 = Debug|Any CPU
		{36016580-CF52-47F9-8BCB-F6E3EE73F3FF}.Debug|x86.ActiveCfg = Debug|Any CPU
		{36016580-CF52-47F9-8BCB-F6E3EE73F3FF}.Debug|x86.Build.0 = Debug|Any CPU
		{36016580-CF52-47F9-8BCB-F6E3EE73F3FF}.Release|Any CPU.ActiveCfg = Release|Any CPU
		{36016580-CF52-47F9-8BCB-F6E3EE73F3FF}.Release|Any CPU.Build.0 = Release|Any CPU
		{36016580-CF52-47F9-8BCB-F6E3EE73F3FF}.Release|x64.ActiveCfg = Release|Any CPU
		{36016580-CF52-47F9-8BCB-F6E3EE73F3FF}.Release|x64.Build.0 = Release|Any CPU
		{36016580-CF52-47F9-8BCB-F6E3EE73F3FF}.Release|x86.ActiveCfg = Release|Any CPU
		{36016580-CF52-47F9-8BCB-F6E3EE73F3FF}.Release|x86.Build.0 = Release|Any CPU
		{C6A1AF58-0D42-44E2-B2A8-C2A59D00A20C}.Debug|Any CPU.ActiveCfg = Debug|Any CPU
		{C6A1AF58-0D42-44E2-B2A8-C2A59D00A20C}.Debug|Any CPU.Build.0 = Debug|Any CPU
		{C6A1AF58-0D42-44E2-B2A8-C2A59D00A20C}.Debug|x64.ActiveCfg = Debug|Any CPU
		{C6A1AF58-0D42-44E2-B2A8-C2A59D00A20C}.Debug|x64.Build.0 = Debug|Any CPU
		{C6A1AF58-0D42-44E2-B2A8-C2A59D00A20C}.Debug|x86.ActiveCfg = Debug|Any CPU
		{C6A1AF58-0D42-44E2-B2A8-C2A59D00A20C}.Debug|x86.Build.0 = Debug|Any CPU
		{C6A1AF58-0D42-44E2-B2A8-C2A59D00A20C}.Release|Any CPU.ActiveCfg = Release|Any CPU
		{C6A1AF58-0D42-44E2-B2A8-C2A59D00A20C}.Release|Any CPU.Build.0 = Release|Any CPU
		{C6A1AF58-0D42-44E2-B2A8-C2A59D00A20C}.Release|x64.ActiveCfg = Release|Any CPU
		{C6A1AF58-0D42-44E2-B2A8-C2A59D00A20C}.Release|x64.Build.0 = Release|Any CPU
		{C6A1AF58-0D42-44E2-B2A8-C2A59D00A20C}.Release|x86.ActiveCfg = Release|Any CPU
		{C6A1AF58-0D42-44E2-B2A8-C2A59D00A20C}.Release|x86.Build.0 = Release|Any CPU
		{FE3F7DBC-EF74-4DF2-93D5-753910D51091}.Debug|Any CPU.ActiveCfg = Debug|Any CPU
		{FE3F7DBC-EF74-4DF2-93D5-753910D51091}.Debug|Any CPU.Build.0 = Debug|Any CPU
		{FE3F7DBC-EF74-4DF2-93D5-753910D51091}.Debug|x64.ActiveCfg = Debug|Any CPU
		{FE3F7DBC-EF74-4DF2-93D5-753910D51091}.Debug|x64.Build.0 = Debug|Any CPU
		{FE3F7DBC-EF74-4DF2-93D5-753910D51091}.Debug|x86.ActiveCfg = Debug|Any CPU
		{FE3F7DBC-EF74-4DF2-93D5-753910D51091}.Debug|x86.Build.0 = Debug|Any CPU
		{FE3F7DBC-EF74-4DF2-93D5-753910D51091}.Release|Any CPU.ActiveCfg = Release|Any CPU
		{FE3F7DBC-EF74-4DF2-93D5-753910D51091}.Release|Any CPU.Build.0 = Release|Any CPU
		{FE3F7DBC-EF74-4DF2-93D5-753910D51091}.Release|x64.ActiveCfg = Release|Any CPU
		{FE3F7DBC-EF74-4DF2-93D5-753910D51091}.Release|x64.Build.0 = Release|Any CPU
		{FE3F7DBC-EF74-4DF2-93D5-753910D51091}.Release|x86.ActiveCfg = Release|Any CPU
		{FE3F7DBC-EF74-4DF2-93D5-753910D51091}.Release|x86.Build.0 = Release|Any CPU
		{58E37944-7CFD-408C-8E0C-25E8CBBD112E}.Debug|Any CPU.ActiveCfg = Debug|Any CPU
		{58E37944-7CFD-408C-8E0C-25E8CBBD112E}.Debug|Any CPU.Build.0 = Debug|Any CPU
		{58E37944-7CFD-408C-8E0C-25E8CBBD112E}.Debug|x64.ActiveCfg = Debug|Any CPU
		{58E37944-7CFD-408C-8E0C-25E8CBBD112E}.Debug|x64.Build.0 = Debug|Any CPU
		{58E37944-7CFD-408C-8E0C-25E8CBBD112E}.Debug|x86.ActiveCfg = Debug|Any CPU
		{58E37944-7CFD-408C-8E0C-25E8CBBD112E}.Debug|x86.Build.0 = Debug|Any CPU
		{58E37944-7CFD-408C-8E0C-25E8CBBD112E}.Release|Any CPU.ActiveCfg = Release|Any CPU
		{58E37944-7CFD-408C-8E0C-25E8CBBD112E}.Release|Any CPU.Build.0 = Release|Any CPU
		{58E37944-7CFD-408C-8E0C-25E8CBBD112E}.Release|x64.ActiveCfg = Release|Any CPU
		{58E37944-7CFD-408C-8E0C-25E8CBBD112E}.Release|x64.Build.0 = Release|Any CPU
		{58E37944-7CFD-408C-8E0C-25E8CBBD112E}.Release|x86.ActiveCfg = Release|Any CPU
		{58E37944-7CFD-408C-8E0C-25E8CBBD112E}.Release|x86.Build.0 = Release|Any CPU
		{311F21D3-3265-49F7-8CFA-21E5D180EC3D}.Debug|Any CPU.ActiveCfg = Debug|Any CPU
		{311F21D3-3265-49F7-8CFA-21E5D180EC3D}.Debug|Any CPU.Build.0 = Debug|Any CPU
		{311F21D3-3265-49F7-8CFA-21E5D180EC3D}.Debug|x64.ActiveCfg = Debug|Any CPU
		{311F21D3-3265-49F7-8CFA-21E5D180EC3D}.Debug|x64.Build.0 = Debug|Any CPU
		{311F21D3-3265-49F7-8CFA-21E5D180EC3D}.Debug|x86.ActiveCfg = Debug|Any CPU
		{311F21D3-3265-49F7-8CFA-21E5D180EC3D}.Debug|x86.Build.0 = Debug|Any CPU
		{311F21D3-3265-49F7-8CFA-21E5D180EC3D}.Release|Any CPU.ActiveCfg = Release|Any CPU
		{311F21D3-3265-49F7-8CFA-21E5D180EC3D}.Release|Any CPU.Build.0 = Release|Any CPU
		{311F21D3-3265-49F7-8CFA-21E5D180EC3D}.Release|x64.ActiveCfg = Release|Any CPU
		{311F21D3-3265-49F7-8CFA-21E5D180EC3D}.Release|x64.Build.0 = Release|Any CPU
		{311F21D3-3265-49F7-8CFA-21E5D180EC3D}.Release|x86.ActiveCfg = Release|Any CPU
		{311F21D3-3265-49F7-8CFA-21E5D180EC3D}.Release|x86.Build.0 = Release|Any CPU
		{6ADE5BAC-0034-4BA1-9C87-499A39606F4E}.Debug|Any CPU.ActiveCfg = Debug|Any CPU
		{6ADE5BAC-0034-4BA1-9C87-499A39606F4E}.Debug|Any CPU.Build.0 = Debug|Any CPU
		{6ADE5BAC-0034-4BA1-9C87-499A39606F4E}.Debug|x64.ActiveCfg = Debug|Any CPU
		{6ADE5BAC-0034-4BA1-9C87-499A39606F4E}.Debug|x64.Build.0 = Debug|Any CPU
		{6ADE5BAC-0034-4BA1-9C87-499A39606F4E}.Debug|x86.ActiveCfg = Debug|Any CPU
		{6ADE5BAC-0034-4BA1-9C87-499A39606F4E}.Debug|x86.Build.0 = Debug|Any CPU
		{6ADE5BAC-0034-4BA1-9C87-499A39606F4E}.Release|Any CPU.ActiveCfg = Release|Any CPU
		{6ADE5BAC-0034-4BA1-9C87-499A39606F4E}.Release|Any CPU.Build.0 = Release|Any CPU
		{6ADE5BAC-0034-4BA1-9C87-499A39606F4E}.Release|x64.ActiveCfg = Release|Any CPU
		{6ADE5BAC-0034-4BA1-9C87-499A39606F4E}.Release|x64.Build.0 = Release|Any CPU
		{6ADE5BAC-0034-4BA1-9C87-499A39606F4E}.Release|x86.ActiveCfg = Release|Any CPU
		{6ADE5BAC-0034-4BA1-9C87-499A39606F4E}.Release|x86.Build.0 = Release|Any CPU
		{A1B2C3D4-E5F6-7890-ABCD-EF1234567890}.Debug|Any CPU.ActiveCfg = Debug|Any CPU
		{A1B2C3D4-E5F6-7890-ABCD-EF1234567890}.Debug|Any CPU.Build.0 = Debug|Any CPU
		{A1B2C3D4-E5F6-7890-ABCD-EF1234567890}.Debug|x64.ActiveCfg = Debug|Any CPU
		{A1B2C3D4-E5F6-7890-ABCD-EF1234567890}.Debug|x64.Build.0 = Debug|Any CPU
		{A1B2C3D4-E5F6-7890-ABCD-EF1234567890}.Debug|x86.ActiveCfg = Debug|Any CPU
		{A1B2C3D4-E5F6-7890-ABCD-EF1234567890}.Debug|x86.Build.0 = Debug|Any CPU
		{A1B2C3D4-E5F6-7890-ABCD-EF1234567890}.Release|Any CPU.ActiveCfg = Release|Any CPU
		{A1B2C3D4-E5F6-7890-ABCD-EF1234567890}.Release|Any CPU.Build.0 = Release|Any CPU
		{A1B2C3D4-E5F6-7890-ABCD-EF1234567890}.Release|x64.ActiveCfg = Release|Any CPU
		{A1B2C3D4-E5F6-7890-ABCD-EF1234567890}.Release|x64.Build.0 = Release|Any CPU
		{A1B2C3D4-E5F6-7890-ABCD-EF1234567890}.Release|x86.ActiveCfg = Release|Any CPU
		{A1B2C3D4-E5F6-7890-ABCD-EF1234567890}.Release|x86.Build.0 = Release|Any CPU
		{D7F64CDA-4ABD-42F1-9CB0-402D5C3455EF}.Debug|Any CPU.ActiveCfg = Debug|Any CPU
		{D7F64CDA-4ABD-42F1-9CB0-402D5C3455EF}.Debug|Any CPU.Build.0 = Debug|Any CPU
		{D7F64CDA-4ABD-42F1-9CB0-402D5C3455EF}.Debug|x64.ActiveCfg = Debug|Any CPU
		{D7F64CDA-4ABD-42F1-9CB0-402D5C3455EF}.Debug|x64.Build.0 = Debug|Any CPU
		{D7F64CDA-4ABD-42F1-9CB0-402D5C3455EF}.Debug|x86.ActiveCfg = Debug|Any CPU
		{D7F64CDA-4ABD-42F1-9CB0-402D5C3455EF}.Debug|x86.Build.0 = Debug|Any CPU
		{D7F64CDA-4ABD-42F1-9CB0-402D5C3455EF}.Release|Any CPU.ActiveCfg = Release|Any CPU
		{D7F64CDA-4ABD-42F1-9CB0-402D5C3455EF}.Release|Any CPU.Build.0 = Release|Any CPU
		{D7F64CDA-4ABD-42F1-9CB0-402D5C3455EF}.Release|x64.ActiveCfg = Release|Any CPU
		{D7F64CDA-4ABD-42F1-9CB0-402D5C3455EF}.Release|x64.Build.0 = Release|Any CPU
		{D7F64CDA-4ABD-42F1-9CB0-402D5C3455EF}.Release|x86.ActiveCfg = Release|Any CPU
		{D7F64CDA-4ABD-42F1-9CB0-402D5C3455EF}.Release|x86.Build.0 = Release|Any CPU
		{E8F53F0E-4C41-49F1-8A79-542CD3C23A97}.Debug|Any CPU.ActiveCfg = Debug|Any CPU
		{E8F53F0E-4C41-49F1-8A79-542CD3C23A97}.Debug|Any CPU.Build.0 = Debug|Any CPU
		{E8F53F0E-4C41-49F1-8A79-542CD3C23A97}.Debug|x64.ActiveCfg = Debug|Any CPU
		{E8F53F0E-4C41-49F1-8A79-542CD3C23A97}.Debug|x64.Build.0 = Debug|Any CPU
		{E8F53F0E-4C41-49F1-8A79-542CD3C23A97}.Debug|x86.ActiveCfg = Debug|Any CPU
		{E8F53F0E-4C41-49F1-8A79-542CD3C23A97}.Debug|x86.Build.0 = Debug|Any CPU
		{E8F53F0E-4C41-49F1-8A79-542CD3C23A97}.Release|Any CPU.ActiveCfg = Release|Any CPU
		{E8F53F0E-4C41-49F1-8A79-542CD3C23A97}.Release|Any CPU.Build.0 = Release|Any CPU
		{E8F53F0E-4C41-49F1-8A79-542CD3C23A97}.Release|x64.ActiveCfg = Release|Any CPU
		{E8F53F0E-4C41-49F1-8A79-542CD3C23A97}.Release|x64.Build.0 = Release|Any CPU
		{E8F53F0E-4C41-49F1-8A79-542CD3C23A97}.Release|x86.ActiveCfg = Release|Any CPU
		{E8F53F0E-4C41-49F1-8A79-542CD3C23A97}.Release|x86.Build.0 = Release|Any CPU
		{B2C3D4E5-F6A7-8901-BCDE-F12345678901}.Debug|Any CPU.ActiveCfg = Debug|Any CPU
		{B2C3D4E5-F6A7-8901-BCDE-F12345678901}.Debug|Any CPU.Build.0 = Debug|Any CPU
		{B2C3D4E5-F6A7-8901-BCDE-F12345678901}.Debug|x64.ActiveCfg = Debug|Any CPU
		{B2C3D4E5-F6A7-8901-BCDE-F12345678901}.Debug|x64.Build.0 = Debug|Any CPU
		{B2C3D4E5-F6A7-8901-BCDE-F12345678901}.Debug|x86.ActiveCfg = Debug|Any CPU
		{B2C3D4E5-F6A7-8901-BCDE-F12345678901}.Debug|x86.Build.0 = Debug|Any CPU
		{B2C3D4E5-F6A7-8901-BCDE-F12345678901}.Release|Any CPU.ActiveCfg = Release|Any CPU
		{B2C3D4E5-F6A7-8901-BCDE-F12345678901}.Release|Any CPU.Build.0 = Release|Any CPU
		{B2C3D4E5-F6A7-8901-BCDE-F12345678901}.Release|x64.ActiveCfg = Release|Any CPU
		{B2C3D4E5-F6A7-8901-BCDE-F12345678901}.Release|x64.Build.0 = Release|Any CPU
		{B2C3D4E5-F6A7-8901-BCDE-F12345678901}.Release|x86.ActiveCfg = Release|Any CPU
		{B2C3D4E5-F6A7-8901-BCDE-F12345678901}.Release|x86.Build.0 = Release|Any CPU
		{FEFC89A1-A56C-4FDD-804D-AEB6B770EBAD}.Debug|Any CPU.ActiveCfg = Debug|Any CPU
		{FEFC89A1-A56C-4FDD-804D-AEB6B770EBAD}.Debug|Any CPU.Build.0 = Debug|Any CPU
		{FEFC89A1-A56C-4FDD-804D-AEB6B770EBAD}.Debug|x64.ActiveCfg = Debug|Any CPU
		{FEFC89A1-A56C-4FDD-804D-AEB6B770EBAD}.Debug|x64.Build.0 = Debug|Any CPU
		{FEFC89A1-A56C-4FDD-804D-AEB6B770EBAD}.Debug|x86.ActiveCfg = Debug|Any CPU
		{FEFC89A1-A56C-4FDD-804D-AEB6B770EBAD}.Debug|x86.Build.0 = Debug|Any CPU
		{FEFC89A1-A56C-4FDD-804D-AEB6B770EBAD}.Release|Any CPU.ActiveCfg = Release|Any CPU
		{FEFC89A1-A56C-4FDD-804D-AEB6B770EBAD}.Release|Any CPU.Build.0 = Release|Any CPU
		{FEFC89A1-A56C-4FDD-804D-AEB6B770EBAD}.Release|x64.ActiveCfg = Release|Any CPU
		{FEFC89A1-A56C-4FDD-804D-AEB6B770EBAD}.Release|x64.Build.0 = Release|Any CPU
		{FEFC89A1-A56C-4FDD-804D-AEB6B770EBAD}.Release|x86.ActiveCfg = Release|Any CPU
		{FEFC89A1-A56C-4FDD-804D-AEB6B770EBAD}.Release|x86.Build.0 = Release|Any CPU
		{15BB1497-B8D6-4562-9BEE-1FCA94E60411}.Debug|Any CPU.ActiveCfg = Debug|Any CPU
		{15BB1497-B8D6-4562-9BEE-1FCA94E60411}.Debug|Any CPU.Build.0 = Debug|Any CPU
		{15BB1497-B8D6-4562-9BEE-1FCA94E60411}.Debug|x64.ActiveCfg = Debug|Any CPU
		{15BB1497-B8D6-4562-9BEE-1FCA94E60411}.Debug|x64.Build.0 = Debug|Any CPU
		{15BB1497-B8D6-4562-9BEE-1FCA94E60411}.Debug|x86.ActiveCfg = Debug|Any CPU
		{15BB1497-B8D6-4562-9BEE-1FCA94E60411}.Debug|x86.Build.0 = Debug|Any CPU
		{15BB1497-B8D6-4562-9BEE-1FCA94E60411}.Release|Any CPU.ActiveCfg = Release|Any CPU
		{15BB1497-B8D6-4562-9BEE-1FCA94E60411}.Release|Any CPU.Build.0 = Release|Any CPU
		{15BB1497-B8D6-4562-9BEE-1FCA94E60411}.Release|x64.ActiveCfg = Release|Any CPU
		{15BB1497-B8D6-4562-9BEE-1FCA94E60411}.Release|x64.Build.0 = Release|Any CPU
		{15BB1497-B8D6-4562-9BEE-1FCA94E60411}.Release|x86.ActiveCfg = Release|Any CPU
		{15BB1497-B8D6-4562-9BEE-1FCA94E60411}.Release|x86.Build.0 = Release|Any CPU
		{B1F060F5-EF71-48B4-8EEB-3F74F45D148C}.Debug|Any CPU.ActiveCfg = Debug|Any CPU
		{B1F060F5-EF71-48B4-8EEB-3F74F45D148C}.Debug|Any CPU.Build.0 = Debug|Any CPU
		{B1F060F5-EF71-48B4-8EEB-3F74F45D148C}.Debug|x64.ActiveCfg = Debug|Any CPU
		{B1F060F5-EF71-48B4-8EEB-3F74F45D148C}.Debug|x64.Build.0 = Debug|Any CPU
		{B1F060F5-EF71-48B4-8EEB-3F74F45D148C}.Debug|x86.ActiveCfg = Debug|Any CPU
		{B1F060F5-EF71-48B4-8EEB-3F74F45D148C}.Debug|x86.Build.0 = Debug|Any CPU
		{B1F060F5-EF71-48B4-8EEB-3F74F45D148C}.Release|Any CPU.ActiveCfg = Release|Any CPU
		{B1F060F5-EF71-48B4-8EEB-3F74F45D148C}.Release|Any CPU.Build.0 = Release|Any CPU
		{B1F060F5-EF71-48B4-8EEB-3F74F45D148C}.Release|x64.ActiveCfg = Release|Any CPU
		{B1F060F5-EF71-48B4-8EEB-3F74F45D148C}.Release|x64.Build.0 = Release|Any CPU
		{B1F060F5-EF71-48B4-8EEB-3F74F45D148C}.Release|x86.ActiveCfg = Release|Any CPU
		{B1F060F5-EF71-48B4-8EEB-3F74F45D148C}.Release|x86.Build.0 = Release|Any CPU
	EndGlobalSection
	GlobalSection(SolutionProperties) = preSolution
		HideSolutionNode = FALSE
	EndGlobalSection
	GlobalSection(NestedProjects) = preSolution
		{F2A3B4C5-D6E7-8901-BCDE-F12345678903} = {F1A2B3C4-D5E6-7890-ABCD-EF1234567892}
		{A1247131-E4D4-40FB-A762-CA5299E87C36} = {C56741B5-A53D-4C4A-AE6D-DE2CE0F4BC52}
		{36016580-CF52-47F9-8BCB-F6E3EE73F3FF} = {C56741B5-A53D-4C4A-AE6D-DE2CE0F4BC52}
		{C6A1AF58-0D42-44E2-B2A8-C2A59D00A20C} = {C56741B5-A53D-4C4A-AE6D-DE2CE0F4BC52}
		{FE3F7DBC-EF74-4DF2-93D5-753910D51091} = {C56741B5-A53D-4C4A-AE6D-DE2CE0F4BC52}
		{58E37944-7CFD-408C-8E0C-25E8CBBD112E} = {731061A2-3861-4672-B5D5-711ADD4F6F47}
		{311F21D3-3265-49F7-8CFA-21E5D180EC3D} = {731061A2-3861-4672-B5D5-711ADD4F6F47}
		{6ADE5BAC-0034-4BA1-9C87-499A39606F4E} = {C56741B5-A53D-4C4A-AE6D-DE2CE0F4BC52}
		{A1B2C3D4-E5F6-7890-ABCD-EF1234567890} = {C56741B5-A53D-4C4A-AE6D-DE2CE0F4BC52}
		{D7F64CDA-4ABD-42F1-9CB0-402D5C3455EF} = {731061A2-3861-4672-B5D5-711ADD4F6F47}
		{E8F53F0E-4C41-49F1-8A79-542CD3C23A97} = {C56741B5-A53D-4C4A-AE6D-DE2CE0F4BC52}
		{B2C3D4E5-F6A7-8901-BCDE-F12345678901} = {731061A2-3861-4672-B5D5-711ADD4F6F47}
		{FEFC89A1-A56C-4FDD-804D-AEB6B770EBAD} = {731061A2-3861-4672-B5D5-711ADD4F6F47}
		{15BB1497-B8D6-4562-9BEE-1FCA94E60411} = {731061A2-3861-4672-B5D5-711ADD4F6F47}
		{B1F060F5-EF71-48B4-8EEB-3F74F45D148C} = {731061A2-3861-4672-B5D5-711ADD4F6F47}
	EndGlobalSection
EndGlobal
